
Microsoft Visual Studio Solution File, Format Version 12.00
# Visual Studio Version 16
VisualStudioVersion = 16.0.28407.52
MinimumVisualStudioVersion = 10.0.40219.1
Project("{FAE04EC0-301F-11D3-BF4B-00C04F79EFBC}") = " InvoiceMaster", " InvoiceMaster\ InvoiceMaster.csproj", "{3F85AD09-1D6E-4997-9B58-474546134BCA}"
EndProject
Global
	GlobalSection(SolutionConfigurationPlatforms) = preSolution
		Debug|Any CPU = Debug|Any CPU
		Release|Any CPU = Release|Any CPU
	EndGlobalSection
	GlobalSection(ProjectConfigurationPlatforms) = postSolution
		{3F85AD09-1D6E-4997-9B58-474546134BCA}.Debug|Any CPU.ActiveCfg = Debug|Any CPU
		{3F85AD09-1D6E-4997-9B58-474546134BCA}.Debug|Any CPU.Build.0 = Debug|Any CPU
		{3F85AD09-1D6E-4997-9B58-474546134BCA}.Release|Any CPU.ActiveCfg = Release|Any CPU
		{3F85AD09-1D6E-4997-9B58-474546134BCA}.Release|Any CPU.Build.0 = Release|Any CPU
	EndGlobalSection
	GlobalSection(SolutionProperties) = preSolution
		HideSolutionNode = FALSE
	EndGlobalSection
	GlobalSection(ExtensibilityGlobals) = postSolution
		SolutionGuid = {B82DA9F1-B0B6-43F2-8813-9F7E83293746}
	EndGlobalSection
EndGlobal
